
Microsoft Visual Studio Solution File, Format Version 12.00
# Visual Studio Version 16
VisualStudioVersion = 16.0.29025.244
MinimumVisualStudioVersion = 10.0.40219.1
Project("{FAE04EC0-301F-11D3-BF4B-00C04F79EFBC}") = "WebApitwo", "WebApitwo\WebApitwo.csproj", "{6FFCA99F-5B98-4E8E-A458-F38EBEB24E1A}"
EndProject
Project("{FAE04EC0-301F-11D3-BF4B-00C04F79EFBC}") = "Db", "Db\Db.csproj", "{9C84E007-72C3-4880-8609-E212EE1733F1}"
EndProject
Project("{FAE04EC0-301F-11D3-BF4B-00C04F79EFBC}") = "Infrastructure", "Infrastructure\Infrastructure.csproj", "{4141EC76-7010-499F-8AD2-711562E6DE03}"
EndProject
Global
	GlobalSection(SolutionConfigurationPlatforms) = preSolution
		Debug|Any CPU = Debug|Any CPU
		Release|Any CPU = Release|Any CPU
	EndGlobalSection
	GlobalSection(ProjectConfigurationPlatforms) = postSolution
		{6FFCA99F-5B98-4E8E-A458-F38EBEB24E1A}.Debug|Any CPU.ActiveCfg = Debug|Any CPU
		{6FFCA99F-5B98-4E8E-A458-F38EBEB24E1A}.Debug|Any CPU.Build.0 = Debug|Any CPU
		{6FFCA99F-5B98-4E8E-A458-F38EBEB24E1A}.Release|Any CPU.ActiveCfg = Release|Any CPU
		{6FFCA99F-5B98-4E8E-A458-F38EBEB24E1A}.Release|Any CPU.Build.0 = Release|Any CPU
		{9C84E007-72C3-4880-8609-E212EE1733F1}.Debug|Any CPU.ActiveCfg = Debug|Any CPU
		{9C84E007-72C3-4880-8609-E212EE1733F1}.Debug|Any CPU.Build.0 = Debug|Any CPU
		{9C84E007-72C3-4880-8609-E212EE1733F1}.Release|Any CPU.ActiveCfg = Release|Any CPU
		{9C84E007-72C3-4880-8609-E212EE1733F1}.Release|Any CPU.Build.0 = Release|Any CPU
		{4141EC76-7010-499F-8AD2-711562E6DE03}.Debug|Any CPU.ActiveCfg = Debug|Any CPU
		{4141EC76-7010-499F-8AD2-711562E6DE03}.Debug|Any CPU.Build.0 = Debug|Any CPU
		{4141EC76-7010-499F-8AD2-711562E6DE03}.Release|Any CPU.ActiveCfg = Release|Any CPU
		{4141EC76-7010-499F-8AD2-711562E6DE03}.Release|Any CPU.Build.0 = Release|Any CPU
	EndGlobalSection
	GlobalSection(SolutionProperties) = preSolution
		HideSolutionNode = FALSE
	EndGlobalSection
	GlobalSection(ExtensibilityGlobals) = postSolution
		SolutionGuid = {997165D8-F4F7-4A5E-885F-8CA95EAE9ED9}
	EndGlobalSection
EndGlobal
